
Microsoft Visual Studio Solution File, Format Version 12.00
# Visual Studio Version 17
VisualStudioVersion = 17.7.34031.279
MinimumVisualStudioVersion = 10.0.40219.1
Project("{FAE04EC0-301F-11D3-BF4B-00C04F79EFBC}") = "CollectionDemo", "CollectionDemo\CollectionDemo.csproj", "{2B01F264-12DB-4596-B33C-5FF7CDE13C6F}"
EndProject
Global
	GlobalSection(SolutionConfigurationPlatforms) = preSolution
		Debug|Any CPU = Debug|Any CPU
		Release|Any CPU = Release|Any CPU
	EndGlobalSection
	GlobalSection(ProjectConfigurationPlatforms) = postSolution
		{2B01F264-12DB-4596-B33C-5FF7CDE13C6F}.Debug|Any CPU.ActiveCfg = Debug|Any CPU
		{2B01F264-12DB-4596-B33C-5FF7CDE13C6F}.Debug|Any CPU.Build.0 = Debug|Any CPU
		{2B01F264-12DB-4596-B33C-5FF7CDE13C6F}.Release|Any CPU.ActiveCfg = Release|Any CPU
		{2B01F264-12DB-4596-B33C-5FF7CDE13C6F}.Release|Any CPU.Build.0 = Release|Any CPU
	EndGlobalSection
	GlobalSection(SolutionProperties) = preSolution
		HideSolutionNode = FALSE
	EndGlobalSection
	GlobalSection(ExtensibilityGlobals) = postSolution
		SolutionGuid = {DA10A9D4-797F-43A9-B37D-27BD0D144D03}
	EndGlobalSection
EndGlobal
